// !$*UTF8*$!
{
	archiveVersion = 1;
	classes = {
	};
	objectVersion = 56;
	objects = {

/* Begin PBXBuildFile section */
		F1EF202C2FFBC245003BB12B /* master_itApp.swift in Sources */ = {isa = PBXBuildFile; fileRef = F1EF202B2FFBC245003BB12B /* master_itApp.swift */; };
		F1EF202E2FFBC245003BB12B /* ContentView.swift in Sources */ = {isa = PBXBuildFile; fileRef = F1EF202D2FFBC245003BB12B /* ContentView.swift */; };
		F1EF20302FFBC250003BB12B /* Assets.xcassets in Resources */ = {isa = PBXBuildFile; fileRef = F1EF202F2FFBC250003BB12B /* Assets.xcassets */; };
		F1EF20332FFBC250003BB12B /* Preview Assets.xcassets in Resources */ = {isa = PBXBuildFile; fileRef = F1EF20322FFBC250003BB12B /* Preview Assets.xcassets */; };
		F1EF20352FFBC250003BB12B /* Persistence.swift in Sources */ = {isa = PBXBuildFile; fileRef = F1EF20342FFBC250003BB12B /* Persistence.swift */; };
		F1EF20382FFBC250003BB12B /* master_it.xcdatamodeld in Sources */ = {isa = PBXBuildFile; fileRef = F1EF20362FFBC250003BB12B /* master_it.xcdatamodeld */; };
		F1EF20442FFBC251003BB12B /* master_itTests.swift in Sources */ = {isa = PBXBuildFile; fileRef = F1EF20432FFBC251003BB12B /* master_itTests.swift */; };
		F1EF204E2FFBC252003BB12B /* master_itUITests.swift in Sources */ = {isa = PBXBuildFile; fileRef = F1EF204D2FFBC252003BB12B /* master_itUITests.swift */; };
		F1EF20502FFBC252003BB12B /* master_itUITestsLaunchTests.swift in Sources */ = {isa = PBXBuildFile; fileRef = F1EF204F2FFBC252003BB12B /* master_itUITestsLaunchTests.swift */; };
/* End PBXBuildFile section */

/* Begin PBXContainerItemProxy section */
		F1EF20402FFBC251003BB12B /* PBXContainerItemProxy */ = {
			isa = PBXContainerItemProxy;
			containerPortal = F1EF20202FFBC245003BB12B /* Project object */;
			proxyType = 1;
			remoteGlobalIDString = F1EF20272FFBC245003BB12B;
			remoteInfo = "master it";
		};
		F1EF204A2FFBC252003BB12B /* PBXContainerItemProxy */ = {
			isa = PBXContainerItemProxy;
			containerPortal = F1EF20202FFBC245003BB12B /* Project object */;
			proxyType = 1;
			remoteGlobalIDString = F1EF20272FFBC245003BB12B;
			remoteInfo = "master it";
		};
/* End PBXContainerItemProxy section */

/* Begin PBXFileReference section */
		F1EF20282FFBC245003BB12B /* master it.app */ = {isa = PBXFileReference; explicitFileType = wrapper.application; includeInIndex = 0; path = "master it.app"; sourceTree = BUILT_PRODUCTS_DIR; };
		F1EF202B2FFBC245003BB12B /* master_itApp.swift */ = {isa = PBXFileReference; lastKnownFileType = sourcecode.swift; path = master_itApp.swift; sourceTree = "<group>"; };
		F1EF202D2FFBC245003BB12B /* ContentView.swift */ = {isa = PBXFileReference; lastKnownFileType = sourcecode.swift; path = ContentView.swift; sourceTree = "<group>"; };
		F1EF202F2FFBC250003BB12B /* Assets.xcassets */ = {isa = PBXFileReference; lastKnownFileType = folder.assetcatalog; path = Assets.xcassets; sourceTree = "<group>"; };
		F1EF20322FFBC250003BB12B /* Preview Assets.xcassets */ = {isa = PBXFileReference; lastKnownFileType = folder.assetcatalog; path = "Preview Assets.xcassets"; sourceTree = "<group>"; };
		F1EF20342FFBC250003BB12B /* Persistence.swift */ = {isa = PBXFileReference; lastKnownFileType = sourcecode.swift; path = Persistence.swift; sourceTree = "<group>"; };
		F1EF20372FFBC250003BB12B /* master_it.xcdatamodel */ = {isa = PBXFileReference; lastKnownFileType = wrapper.xcdatamodel; path = master_it.xcdatamodel; sourceTree = "<group>"; };
		F1EF20392FFBC250003BB12B /* master_it.entitlements */ = {isa = PBXFileReference; lastKnownFileType = text.plist.entitlements; path = master_it.entitlements; sourceTree = "<group>"; };
		F1EF203A2FFBC250003BB12B /* Info.plist */ = {isa = PBXFileReference; lastKnownFileType = text.plist.xml; path = Info.plist; sourceTree = "<group>"; };
		F1EF203F2FFBC251003BB12B /* master itTests.xctest */ = {isa = PBXFileReference; explicitFileType = wrapper.cfbundle; includeInIndex = 0; path = "master itTests.xctest"; sourceTree = BUILT_PRODUCTS_DIR; };
		F1EF20432FFBC251003BB12B /* master_itTests.swift */ = {isa = PBXFileReference; lastKnownFileType = sourcecode.swift; path = master_itTests.swift; sourceTree = "<group>"; };
		F1EF20492FFBC252003BB12B /* master itUITests.xctest */ = {isa = PBXFileReference; explicitFileType = wrapper.cfbundle; includeInIndex = 0; path = "master itUITests.xctest"; sourceTree = BUILT_PRODUCTS_DIR; };
		F1EF204D2FFBC252003BB12B /* master_itUITests.swift */ = {isa = PBXFileReference; lastKnownFileType = sourcecode.swift; path = master_itUITests.swift; sourceTree = "<group>"; };
		F1EF204F2FFBC252003BB12B /* master_itUITestsLaunchTests.swift */ = {isa = PBXFileReference; lastKnownFileType = sourcecode.swift; path = master_itUITestsLaunchTests.swift; sourceTree = "<group>"; };
/* End PBXFileReference section */

/* Begin PBXFrameworksBuildPhase section */
		F1EF20252FFBC245003BB12B /* Frameworks */ = {
			isa = PBXFrameworksBuildPhase;
			buildActionMask = 2147483647;
			files = (
			);
			runOnlyForDeploymentPostprocessing = 0;
		};
		F1EF203C2FFBC251003BB12B /* Frameworks */ = {
			isa = PBXFrameworksBuildPhase;
			buildActionMask = 2147483647;
			files = (
			);
			runOnlyForDeploymentPostprocessing = 0;
		};
		F1EF20462FFBC252003BB12B /* Frameworks */ = {
			isa = PBXFrameworksBuildPhase;
			buildActionMask = 2147483647;
			files = (
			);
			runOnlyForDeploymentPostprocessing = 0;
		};
/* End PBXFrameworksBuildPhase section */

/* Begin PBXGroup section */
		F1EF201F2FFBC245003BB12B = {
			isa = PBXGroup;
			children = (
				F1EF202A2FFBC245003BB12B /* master it */,
				F1EF20422FFBC251003BB12B /* master itTests */,
				F1EF204C2FFBC252003BB12B /* master itUITests */,
				F1EF20292FFBC245003BB12B /* Products */,
			);
			sourceTree = "<group>";
		};
		F1EF20292FFBC245003BB12B /* Products */ = {
			isa = PBXGroup;
			children = (
				F1EF20282FFBC245003BB12B /* master it.app */,
				F1EF203F2FFBC251003BB12B /* master itTests.xctest */,
				F1EF20492FFBC252003BB12B /* master itUITests.xctest */,
			);
			name = Products;
			sourceTree = "<group>";
		};
		F1EF202A2FFBC245003BB12B /* master it */ = {
			isa = PBXGroup;
			children = (
				F1EF202B2FFBC245003BB12B /* master_itApp.swift */,
				F1EF202D2FFBC245003BB12B /* ContentView.swift */,
				F1EF202F2FFBC250003BB12B /* Assets.xcassets */,
				F1EF20342FFBC250003BB12B /* Persistence.swift */,
				F1EF20392FFBC250003BB12B /* master_it.entitlements */,
				F1EF203A2FFBC250003BB12B /* Info.plist */,
				F1EF20362FFBC250003BB12B /* master_it.xcdatamodeld */,
				F1EF20312FFBC250003BB12B /* Preview Content */,
			);
			path = "master it";
			sourceTree = "<group>";
		};
		F1EF20312FFBC250003BB12B /* Preview Content */ = {
			isa = PBXGroup;
			children = (
				F1EF20322FFBC250003BB12B /* Preview Assets.xcassets */,
			);
			path = "Preview Content";
			sourceTree = "<group>";
		};
		F1EF20422FFBC251003BB12B /* master itTests */ = {
			isa = PBXGroup;
			children = (
				F1EF20432FFBC251003BB12B /* master_itTests.swift */,
			);
			path = "master itTests";
			sourceTree = "<group>";
		};
		F1EF204C2FFBC252003BB12B /* master itUITests */ = {
			isa = PBXGroup;
			children = (
				F1EF204D2FFBC252003BB12B /* master_itUITests.swift */,
				F1EF204F2FFBC252003BB12B /* master_itUITestsLaunchTests.swift */,
			);
			path = "master itUITests";
			sourceTree = "<group>";
		};
/* End PBXGroup section */

/* Begin PBXNativeTarget section */
		F1EF20272FFBC245003BB12B /* master it */ = {
			isa = PBXNativeTarget;
			buildConfigurationList = F1EF20532FFBC252003BB12B /* Build configuration list for PBXNativeTarget "master it" */;
			buildPhases = (
				F1EF20242FFBC245003BB12B /* Sources */,
				F1EF20252FFBC245003BB12B /* Frameworks */,
				F1EF20262FFBC245003BB12B /* Resources */,
			);
			buildRules = (
			);
			dependencies = (
			);
			name = "master it";
			productName = "master it";
			productReference = F1EF20282FFBC245003BB12B /* master it.app */;
			productType = "com.apple.product-type.application";
		};
		F1EF203E2FFBC251003BB12B /* master itTests */ = {
			isa = PBXNativeTarget;
			buildConfigurationList = F1EF20562FFBC252003BB12B /* Build configuration list for PBXNativeTarget "master itTests" */;
			buildPhases = (
				F1EF203B2FFBC251003BB12B /* Sources */,
				F1EF203C2FFBC251003BB12B /* Frameworks */,
				F1EF203D2FFBC251003BB12B /* Resources */,
			);
			buildRules = (
			);
			dependencies = (
				F1EF20412FFBC251003BB12B /* PBXTargetDependency */,
			);
			name = "master itTests";
			productName = "master itTests";
			productReference = F1EF203F2FFBC251003BB12B /* master itTests.xctest */;
			productType = "com.apple.product-type.bundle.unit-test";
		};
		F1EF20482FFBC252003BB12B /* master itUITests */ = {
			isa = PBXNativeTarget;
			buildConfigurationList = F1EF20592FFBC252003BB12B /* Build configuration list for PBXNativeTarget "master itUITests" */;
			buildPhases = (
				F1EF20452FFBC252003BB12B /* Sources */,
				F1EF20462FFBC252003BB12B /* Frameworks */,
				F1EF20472FFBC252003BB12B /* Resources */,
			);
			buildRules = (
			);
			dependencies = (
				F1EF204B2FFBC252003BB12B /* PBXTargetDependency */,
			);
			name = "master itUITests";
			productName = "master itUITests";
			productReference = F1EF20492FFBC252003BB12B /* master itUITests.xctest */;
			productType = "com.apple.product-type.bundle.ui-testing";
		};
/* End PBXNativeTarget section */

/* Begin PBXProject section */
		F1EF20202FFBC245003BB12B /* Project object */ = {
			isa = PBXProject;
			attributes = {
				BuildIndependentTargetsInParallel = 1;
				LastSwiftUpdateCheck = 1500;
				LastUpgradeCheck = 1500;
				TargetAttributes = {
					F1EF20272FFBC245003BB12B = {
						CreatedOnToolsVersion = 15.0.1;
					};
					F1EF203E2FFBC251003BB12B = {
						CreatedOnToolsVersion = 15.0.1;
						TestTargetID = F1EF20272FFBC245003BB12B;
					};
					F1EF20482FFBC252003BB12B = {
						CreatedOnToolsVersion = 15.0.1;
						TestTargetID = F1EF20272FFBC245003BB12B;
					};
				};
			};
			buildConfigurationList = F1EF20232FFBC245003BB12B /* Build configuration list for PBXProject "master it" */;
			compatibilityVersion = "Xcode 14.0";
			developmentRegion = en;
			hasScannedForEncodings = 0;
			knownRegions = (
				en,
				Base,
			);
			mainGroup = F1EF201F2FFBC245003BB12B;
			productRefGroup = F1EF20292FFBC245003BB12B /* Products */;
			projectDirPath = "";
			projectRoot = "";
			targets = (
				F1EF20272FFBC245003BB12B /* master it */,
				F1EF203E2FFBC251003BB12B /* master itTests */,
				F1EF20482FFBC252003BB12B /* master itUITests */,
			);
		};
/* End PBXProject section */

/* Begin PBXResourcesBuildPhase section */
		F1EF20262FFBC245003BB12B /* Resources */ = {
			isa = PBXResourcesBuildPhase;
			buildActionMask = 2147483647;
			files = (
				F1EF20332FFBC250003BB12B /* Preview Assets.xcassets in Resources */,
				F1EF20302FFBC250003BB12B /* Assets.xcassets in Resources */,
			);
			runOnlyForDeploymentPostprocessing = 0;
		};
		F1EF203D2FFBC251003BB12B /* Resources */ = {
			isa = PBXResourcesBuildPhase;
			buildActionMask = 2147483647;
			files = (
			);
			runOnlyForDeploymentPostprocessing = 0;
		};
		F1EF20472FFBC252003BB12B /* Resources */ = {
			isa = PBXResourcesBuildPhase;
			buildActionMask = 2147483647;
			files = (
			);
			runOnlyForDeploymentPostprocessing = 0;
		};
/* End PBXResourcesBuildPhase section */

/* Begin PBXSourcesBuildPhase section */
		F1EF20242FFBC245003BB12B /* Sources */ = {
			isa = PBXSourcesBuildPhase;
			buildActionMask = 2147483647;
			files = (
				F1EF20352FFBC250003BB12B /* Persistence.swift in Sources */,
				F1EF202E2FFBC245003BB12B /* ContentView.swift in Sources */,
				F1EF20382FFBC250003BB12B /* master_it.xcdatamodeld in Sources */,
				F1EF202C2FFBC245003BB12B /* master_itApp.swift in Sources */,
			);
			runOnlyForDeploymentPostprocessing = 0;
		};
		F1EF203B2FFBC251003BB12B /* Sources */ = {
			isa = PBXSourcesBuildPhase;
			buildActionMask = 2147483647;
			files = (
				F1EF20442FFBC251003BB12B /* master_itTests.swift in Sources */,
			);
			runOnlyForDeploymentPostprocessing = 0;
		};
		F1EF20452FFBC252003BB12B /* Sources */ = {
			isa = PBXSourcesBuildPhase;
			buildActionMask = 2147483647;
			files = (
				F1EF204E2FFBC252003BB12B /* master_itUITests.swift in Sources */,
				F1EF20502FFBC252003BB12B /* master_itUITestsLaunchTests.swift in Sources */,
			);
			runOnlyForDeploymentPostprocessing = 0;
		};
/* End PBXSourcesBuildPhase section */

/* Begin PBXTargetDependency section */
		F1EF20412FFBC251003BB12B /* PBXTargetDependency */ = {
			isa = PBXTargetDependency;
			target = F1EF20272FFBC245003BB12B /* master it */;
			targetProxy = F1EF20402FFBC251003BB12B /* PBXContainerItemProxy */;
		};
		F1EF204B2FFBC252003BB12B /* PBXTargetDependency */ = {
			isa = PBXTargetDependency;
			target = F1EF20272FFBC245003BB12B /* master it */;
			targetProxy = F1EF204A2FFBC252003BB12B /* PBXContainerItemProxy */;
		};
/* End PBXTargetDependency section */

/* Begin XCBuildConfiguration section */
		F1EF20512FFBC252003BB12B /* Debug */ = {
			isa = XCBuildConfiguration;
			buildSettings = {
				ALWAYS_SEARCH_USER_PATHS = NO;
				ASSETCATALOG_COMPILER_GENERATE_SWIFT_ASSET_SYMBOL_EXTENSIONS = YES;
				CLANG_ANALYZER_NONNULL = YES;
				CLANG_ANALYZER_NUMBER_OBJECT_CONVERSION = YES_AGGRESSIVE;
				CLANG_CXX_LANGUAGE_STANDARD = "gnu++20";
				CLANG_ENABLE_MODULES = YES;
				CLANG_ENABLE_OBJC_ARC = YES;
				CLANG_ENABLE_OBJC_WEAK = YES;
				CLANG_WARN_BLOCK_CAPTURE_AUTORELEASING = YES;
				CLANG_WARN_BOOL_CONVERSION = YES;
				CLANG_WARN_COMMA = YES;
				CLANG_WARN_CONSTANT_CONVERSION = YES;
				CLANG_WARN_DEPRECATED_OBJC_IMPLEMENTATIONS = YES;
				CLANG_WARN_DIRECT_OBJC_ISA_USAGE = YES_ERROR;
				CLANG_WARN_DOCUMENTATION_COMMENTS = YES;
				CLANG_WARN_EMPTY_BODY = YES;
				CLANG_WARN_ENUM_CONVERSION = YES;
				CLANG_WARN_INFINITE_RECURSION = YES;
				CLANG_WARN_INT_CONVERSION = YES;
				CLANG_WARN_NON_LITERAL_NULL_CONVERSION = YES;
				CLANG_WARN_OBJC_IMPLICIT_RETAIN_SELF = YES;
				CLANG_WARN_OBJC_LITERAL_CONVERSION = YES;
				CLANG_WARN_OBJC_ROOT_CLASS = YES_ERROR;
				CLANG_WARN_QUOTED_INCLUDE_IN_FRAMEWORK_HEADER = YES;
				CLANG_WARN_RANGE_LOOP_ANALYSIS = YES;
				CLANG_WARN_STRICT_PROTOTYPES = YES;
				CLANG_WARN_SUSPICIOUS_MOVE = YES;
				CLANG_WARN_UNGUARDED_AVAILABILITY = YES_AGGRESSIVE;
				CLANG_WARN_UNREACHABLE_CODE = YES;
				CLANG_WARN__DUPLICATE_METHOD_MATCH = YES;
				COPY_PHASE_STRIP = NO;
				DEBUG_INFORMATION_FORMAT = dwarf;
				ENABLE_STRICT_OBJC_MSGSEND = YES;
				ENABLE_TESTABILITY = YES;
				ENABLE_USER_SCRIPT_SANDBOXING = YES;
				GCC_C_LANGUAGE_STANDARD = gnu17;
				GCC_DYNAMIC_NO_PIC = NO;
				GCC_NO_COMMON_BLOCKS = YES;
				GCC_OPTIMIZATION_LEVEL = 0;
				GCC_PREPROCESSOR_DEFINITIONS = (
					"DEBUG=1",
					"$(inherited)",
				);
				GCC_WARN_64_TO_32_BIT_CONVERSION = YES;
				GCC_WARN_ABOUT_RETURN_TYPE = YES_ERROR;
				GCC_WARN_UNDECLARED_SELECTOR = YES;
				GCC_WARN_UNINITIALIZED_AUTOS = YES_AGGRESSIVE;
				GCC_WARN_UNUSED_FUNCTION = YES;
				GCC_WARN_UNUSED_VARIABLE = YES;
				IPHONEOS_DEPLOYMENT_TARGET = 17.0;
				LOCALIZATION_PREFERS_STRING_CATALOGS = YES;
				MTL_ENABLE_DEBUG_INFO = INCLUDE_SOURCE;
				MTL_FAST_MATH = YES;
				ONLY_ACTIVE_ARCH = YES;
				SDKROOT = iphoneos;
				SWIFT_ACTIVE_COMPILATION_CONDITIONS = "DEBUG $(inherited)";
				SWIFT_OPTIMIZATION_LEVEL = "-Onone";
			};
			name = Debug;
		};
		F1EF20522FFBC252003BB12B /* Release */ = {
			isa = XCBuildConfiguration;
			buildSettings = {
				ALWAYS_SEARCH_USER_PATHS = NO;
				ASSETCATALOG_COMPILER_GENERATE_SWIFT_ASSET_SYMBOL_EXTENSIONS = YES;
				CLANG_ANALYZER_NONNULL = YES;
				CLANG_ANALYZER_NUMBER_OBJECT_CONVERSION = YES_AGGRESSIVE;
				CLANG_CXX_LANGUAGE_STANDARD = "gnu++20";
				CLANG_ENABLE_MODULES = YES;
				CLANG_ENABLE_OBJC_ARC = YES;
				CLANG_ENABLE_OBJC_WEAK = YES;
				CLANG_WARN_BLOCK_CAPTURE_AUTORELEASING = YES;
				CLANG_WARN_BOOL_CONVERSION = YES;
				CLANG_WARN_COMMA = YES;
				CLANG_WARN_CONSTANT_CONVERSION = YES;
				CLANG_WARN_DEPRECATED_OBJC_IMPLEMENTATIONS = YES;
				CLANG_WARN_DIRECT_OBJC_ISA_USAGE = YES_ERROR;
				CLANG_WARN_DOCUMENTATION_COMMENTS = YES;
				CLANG_WARN_EMPTY_BODY = YES;
				CLANG_WARN_ENUM_CONVERSION = YES;
				CLANG_WARN_INFINITE_RECURSION = YES;
				CLANG_WARN_INT_CONVERSION = YES;
				CLANG_WARN_NON_LITERAL_NULL_CONVERSION = YES;
				CLANG_WARN_OBJC_IMPLICIT_RETAIN_SELF = YES;
				CLANG_WARN_OBJC_LITERAL_CONVERSION = YES;
				CLANG_WARN_OBJC_ROOT_CLASS = YES_ERROR;
				CLANG_WARN_QUOTED_INCLUDE_IN_FRAMEWORK_HEADER = YES;
				CLANG_WARN_RANGE_LOOP_ANALYSIS = YES;
				CLANG_WARN_STRICT_PROTOTYPES = YES;
				CLANG_WARN_SUSPICIOUS_MOVE = YES;
				CLANG_WARN_UNGUARDED_AVAILABILITY = YES_AGGRESSIVE;
				CLANG_WARN_UNREACHABLE_CODE = YES;
				CLANG_WARN__DUPLICATE_METHOD_MATCH = YES;
				COPY_PHASE_STRIP = NO;
				DEBUG_INFORMATION_FORMAT = "dwarf-with-dsym";
				ENABLE_NS_ASSERTIONS = NO;
				ENABLE_STRICT_OBJC_MSGSEND = YES;
				ENABLE_USER_SCRIPT_SANDBOXING = YES;
				GCC_C_LANGUAGE_STANDARD = gnu17;
				GCC_NO_COMMON_BLOCKS = YES;
				GCC_WARN_64_TO_32_BIT_CONVERSION = YES;
				GCC_WARN_ABOUT_RETURN_TYPE = YES_ERROR;
				GCC_WARN_UNDECLARED_SELECTOR = YES;
				GCC_WARN_UNINITIALIZED_AUTOS = YES_AGGRESSIVE;
				GCC_WARN_UNUSED_FUNCTION = YES;
				GCC_WARN_UNUSED_VARIABLE = YES;
				IPHONEOS_DEPLOYMENT_TARGET = 17.0;
				LOCALIZATION_PREFERS_STRING_CATALOGS = YES;
				MTL_ENABLE_DEBUG_INFO = NO;
				MTL_FAST_MATH = YES;
				SDKROOT = iphoneos;
				SWIFT_COMPILATION_MODE = wholemodule;
				VALIDATE_PRODUCT = YES;
			};
			name = Release;
		};
		F1EF20542FFBC252003BB12B /* Debug */ = {
			isa = XCBuildConfiguration;
			buildSettings = {
				ASSETCATALOG_COMPILER_APPICON_NAME = AppIcon;
				ASSETCATALOG_COMPILER_GLOBAL_ACCENT_COLOR_NAME = AccentColor;
				CODE_SIGN_ENTITLEMENTS = "master it/master_it.entitlements";
				CODE_SIGN_STYLE = Automatic;
				CURRENT_PROJECT_VERSION = 1;
				DEVELOPMENT_ASSET_PATHS = "\"master it/Preview Content\"";
				DEVELOPMENT_TEAM = H98Y2UC826;
				ENABLE_PREVIEWS = YES;
				GENERATE_INFOPLIST_FILE = YES;
				INFOPLIST_FILE = "master it/Info.plist";
				INFOPLIST_KEY_UIApplicationSceneManifest_Generation = YES;
				INFOPLIST_KEY_UIApplicationSupportsIndirectInputEvents = YES;
				INFOPLIST_KEY_UILaunchScreen_Generation = YES;
				INFOPLIST_KEY_UISupportedInterfaceOrientations_iPad = "UIInterfaceOrientationPortrait UIInterfaceOrientationPortraitUpsideDown UIInterfaceOrientationLandscapeLeft UIInterfaceOrientationLandscapeRight";
				INFOPLIST_KEY_UISupportedInterfaceOrientations_iPhone = "UIInterfaceOrientationPortrait UIInterfaceOrientationLandscapeLeft UIInterfaceOrientationLandscapeRight";
				LD_RUNPATH_SEARCH_PATHS = (
					"$(inherited)",
					"@executable_path/Frameworks",
				);
				MARKETING_VERSION = 1.0;
				PRODUCT_BUNDLE_IDENTIFIER = "COM.masterit.app.master-it";
				PRODUCT_NAME = "$(TARGET_NAME)";
				SWIFT_EMIT_LOC_STRINGS = YES;
				SWIFT_VERSION = 5.0;
				TARGETED_DEVICE_FAMILY = "1,2";
			};
			name = Debug;
		};
		F1EF20552FFBC252003BB12B /* Release */ = {
			isa = XCBuildConfiguration;
			buildSettings = {
				ASSETCATALOG_COMPILER_APPICON_NAME = AppIcon;
				ASSETCATALOG_COMPILER_GLOBAL_ACCENT_COLOR_NAME = AccentColor;
				CODE_SIGN_ENTITLEMENTS = "master it/master_it.entitlements";
				CODE_SIGN_STYLE = Automatic;
				CURRENT_PROJECT_VERSION = 1;
				DEVELOPMENT_ASSET_PATHS = "\"master it/Preview Content\"";
				DEVELOPMENT_TEAM = H98Y2UC826;
				ENABLE_PREVIEWS = YES;
				GENERATE_INFOPLIST_FILE = YES;
				INFOPLIST_FILE = "master it/Info.plist";
				INFOPLIST_KEY_UIApplicationSceneManifest_Generation = YES;
				INFOPLIST_KEY_UIApplicationSupportsIndirectInputEvents = YES;
				INFOPLIST_KEY_UILaunchScreen_Generation = YES;
				INFOPLIST_KEY_UISupportedInterfaceOrientations_iPad = "UIInterfaceOrientationPortrait UIInterfaceOrientationPortraitUpsideDown UIInterfaceOrientationLandscapeLeft UIInterfaceOrientationLandscapeRight";
				INFOPLIST_KEY_UISupportedInterfaceOrientations_iPhone = "UIInterfaceOrientationPortrait UIInterfaceOrientationLandscapeLeft UIInterfaceOrientationLandscapeRight";
				LD_RUNPATH_SEARCH_PATHS = (
					"$(inherited)",
					"@executable_path/Frameworks",
				);
				MARKETING_VERSION = 1.0;
				PRODUCT_BUNDLE_IDENTIFIER = "COM.masterit.app.master-it";
				PRODUCT_NAME = "$(TARGET_NAME)";
				SWIFT_EMIT_LOC_STRINGS = YES;
				SWIFT_VERSION = 5.0;
				TARGETED_DEVICE_FAMILY = "1,2";
			};
			name = Release;
		};
		F1EF20572FFBC252003BB12B /* Debug */ = {
			isa = XCBuildConfiguration;
			buildSettings = {
				ALWAYS_EMBED_SWIFT_STANDARD_LIBRARIES = YES;
				BUNDLE_LOADER = "$(TEST_HOST)";
				CODE_SIGN_STYLE = Automatic;
				CURRENT_PROJECT_VERSION = 1;
				DEVELOPMENT_TEAM = H98Y2UC826;
				GENERATE_INFOPLIST_FILE = YES;
				IPHONEOS_DEPLOYMENT_TARGET = 17.0;
				MARKETING_VERSION = 1.0;
				PRODUCT_BUNDLE_IDENTIFIER = "COM.masterit.app.master-itTests";
				PRODUCT_NAME = "$(TARGET_NAME)";
				SWIFT_EMIT_LOC_STRINGS = NO;
				SWIFT_VERSION = 5.0;
				TARGETED_DEVICE_FAMILY = "1,2";
				TEST_HOST = "$(BUILT_PRODUCTS_DIR)/master it.app/$(BUNDLE_EXECUTABLE_FOLDER_PATH)/master it";
			};
			name = Debug;
		};
		F1EF20582FFBC252003BB12B /* Release */ = {
			isa = XCBuildConfiguration;
			buildSettings = {
				ALWAYS_EMBED_SWIFT_STANDARD_LIBRARIES = YES;
				BUNDLE_LOADER = "$(TEST_HOST)";
				CODE_SIGN_STYLE = Automatic;
				CURRENT_PROJECT_VERSION = 1;
				DEVELOPMENT_TEAM = H98Y2UC826;
				GENERATE_INFOPLIST_FILE = YES;
				IPHONEOS_DEPLOYMENT_TARGET = 17.0;
				MARKETING_VERSION = 1.0;
				PRODUCT_BUNDLE_IDENTIFIER = "COM.masterit.app.master-itTests";
				PRODUCT_NAME = "$(TARGET_NAME)";
				SWIFT_EMIT_LOC_STRINGS = NO;
				SWIFT_VERSION = 5.0;
				TARGETED_DEVICE_FAMILY = "1,2";
				TEST_HOST = "$(BUILT_PRODUCTS_DIR)/master it.app/$(BUNDLE_EXECUTABLE_FOLDER_PATH)/master it";
			};
			name = Release;
		};
		F1EF205A2FFBC252003BB12B /* Debug */ = {
			isa = XCBuildConfiguration;
			buildSettings = {
				ALWAYS_EMBED_SWIFT_STANDARD_LIBRARIES = YES;
				CODE_SIGN_STYLE = Automatic;
				CURRENT_PROJECT_VERSION = 1;
				DEVELOPMENT_TEAM = H98Y2UC826;
				GENERATE_INFOPLIST_FILE = YES;
				MARKETING_VERSION = 1.0;
				PRODUCT_BUNDLE_IDENTIFIER = "COM.masterit.app.master-itUITests";
				PRODUCT_NAME = "$(TARGET_NAME)";
				SWIFT_EMIT_LOC_STRINGS = NO;
				SWIFT_VERSION = 5.0;
				TARGETED_DEVICE_FAMILY = "1,2";
				TEST_TARGET_NAME = "master it";
			};
			name = Debug;
		};
		F1EF205B2FFBC252003BB12B /* Release */ = {
			isa = XCBuildConfiguration;
			buildSettings = {
				ALWAYS_EMBED_SWIFT_STANDARD_LIBRARIES = YES;
				CODE_SIGN_STYLE = Automatic;
				CURRENT_PROJECT_VERSION = 1;
				DEVELOPMENT_TEAM = H98Y2UC826;
				GENERATE_INFOPLIST_FILE = YES;
				MARKETING_VERSION = 1.0;
				PRODUCT_BUNDLE_IDENTIFIER = "COM.masterit.app.master-itUITests";
				PRODUCT_NAME = "$(TARGET_NAME)";
				SWIFT_EMIT_LOC_STRINGS = NO;
				SWIFT_VERSION = 5.0;
				TARGETED_DEVICE_FAMILY = "1,2";
				TEST_TARGET_NAME = "master it";
			};
			name = Release;
		};
/* End XCBuildConfiguration section */

/* Begin XCConfigurationList section */
		F1EF20232FFBC245003BB12B /* Build configuration list for PBXProject "master it" */ = {
			isa = XCConfigurationList;
			buildConfigurations = (
				F1EF20512FFBC252003BB12B /* Debug */,
				F1EF20522FFBC252003BB12B /* Release */,
			);
			defaultConfigurationIsVisible = 0;
			defaultConfigurationName = Release;
		};
		F1EF20532FFBC252003BB12B /* Build configuration list for PBXNativeTarget "master it" */ = {
			isa = XCConfigurationList;
			buildConfigurations = (
				F1EF20542FFBC252003BB12B /* Debug */,
				F1EF20552FFBC252003BB12B /* Release */,
			);
			defaultConfigurationIsVisible = 0;
			defaultConfigurationName = Release;
		};
		F1EF20562FFBC252003BB12B /* Build configuration list for PBXNativeTarget "master itTests" */ = {
			isa = XCConfigurationList;
			buildConfigurations = (
				F1EF20572FFBC252003BB12B /* Debug */,
				F1EF20582FFBC252003BB12B /* Release */,
			);
			defaultConfigurationIsVisible = 0;
			defaultConfigurationName = Release;
		};
		F1EF20592FFBC252003BB12B /* Build configuration list for PBXNativeTarget "master itUITests" */ = {
			isa = XCConfigurationList;
			buildConfigurations = (
				F1EF205A2FFBC252003BB12B /* Debug */,
				F1EF205B2FFBC252003BB12B /* Release */,
			);
			defaultConfigurationIsVisible = 0;
			defaultConfigurationName = Release;
		};
/* End XCConfigurationList section */

/* Begin XCVersionGroup section */
		F1EF20362FFBC250003BB12B /* master_it.xcdatamodeld */ = {
			isa = XCVersionGroup;
			children = (
				F1EF20372FFBC250003BB12B /* master_it.xcdatamodel */,
			);
			currentVersion = F1EF20372FFBC250003BB12B /* master_it.xcdatamodel */;
			path = master_it.xcdatamodeld;
			sourceTree = "<group>";
			versionGroupType = wrapper.xcdatamodel;
		};
/* End XCVersionGroup section */
	};
	rootObject = F1EF20202FFBC245003BB12B /* Project object */;
}
